
Microsoft Visual Studio Solution File, Format Version 12.00
# Visual Studio Version 17
VisualStudioVersion = 17.14.36811.4
MinimumVisualStudioVersion = 10.0.40219.1
Project("{FAE04EC0-301F-11D3-BF4B-00C04F79EFBC}") = "Backuper", "Backuper\Backuper.csproj", "{74387ABA-8B53-45ED-86AC-2555DDE5E7A5}"
EndProject
Project("{FAE04EC0-301F-11D3-BF4B-00C04F79EFBC}") = "BackupWorker", "BackupWorker\BackupWorker.csproj", "{0415D96C-E6BD-437B-BC32-1D2143560C94}"
EndProject
Global
	GlobalSection(SolutionConfigurationPlatforms) = preSolution
		Debug|Any CPU = Debug|Any CPU
		Debug|x64 = Debug|x64
		Debug|x86 = Debug|x86
		Release|Any CPU = Release|Any CPU
		Release|x64 = Release|x64
		Release|x86 = Release|x86
	EndGlobalSection
	GlobalSection(ProjectConfigurationPlatforms) = postSolution
		{74387ABA-8B53-45ED-86AC-2555DDE5E7A5}.Debug|Any CPU.ActiveCfg = Debug|Any CPU
		{74387ABA-8B53-45ED-86AC-2555DDE5E7A5}.Debug|Any CPU.Build.0 = Debug|Any CPU
		{74387ABA-8B53-45ED-86AC-2555DDE5E7A5}.Debug|x64.ActiveCfg = Debug|Any CPU
		{74387ABA-8B53-45ED-86AC-2555DDE5E7A5}.Debug|x64.Build.0 = Debug|Any CPU
		{74387ABA-8B53-45ED-86AC-2555DDE5E7A5}.Debug|x86.ActiveCfg = Debug|Any CPU
		{74387ABA-8B53-45ED-86AC-2555DDE5E7A5}.Debug|x86.Build.0 = Debug|Any CPU
		{74387ABA-8B53-45ED-86AC-2555DDE5E7A5}.Release|Any CPU.ActiveCfg = Release|Any CPU
		{74387ABA-8B53-45ED-86AC-2555DDE5E7A5}.Release|Any CPU.Build.0 = Release|Any CPU
		{74387ABA-8B53-45ED-86AC-2555DDE5E7A5}.Release|x64.ActiveCfg = Release|Any CPU
		{74387ABA-8B53-45ED-86AC-2555DDE5E7A5}.Release|x64.Build.0 = Release|Any CPU
		{74387ABA-8B53-45ED-86AC-2555DDE5E7A5}.Release|x86.ActiveCfg = Release|Any CPU
		{74387ABA-8B53-45ED-86AC-2555DDE5E7A5}.Release|x86.Build.0 = Release|Any CPU
		{0415D96C-E6BD-437B-BC32-1D2143560C94}.Debug|Any CPU.ActiveCfg = Debug|Any CPU
		{0415D96C-E6BD-437B-BC32-1D2143560C94}.Debug|Any CPU.Build.0 = Debug|Any CPU
		{0415D96C-E6BD-437B-BC32-1D2143560C94}.Debug|x64.ActiveCfg = Debug|Any CPU
		{0415D96C-E6BD-437B-BC32-1D2143560C94}.Debug|x64.Build.0 = Debug|Any CPU
		{0415D96C-E6BD-437B-BC32-1D2143560C94}.Debug|x86.ActiveCfg = Debug|Any CPU
		{0415D96C-E6BD-437B-BC32-1D2143560C94}.Debug|x86.Build.0 = Debug|Any CPU
		{0415D96C-E6BD-437B-BC32-1D2143560C94}.Release|Any CPU.ActiveCfg = Release|Any CPU
		{0415D96C-E6BD-437B-BC32-1D2143560C94}.Release|Any CPU.Build.0 = Release|Any CPU
		{0415D96C-E6BD-437B-BC32-1D2143560C94}.Release|x64.ActiveCfg = Release|Any CPU
		{0415D96C-E6BD-437B-BC32-1D2143560C94}.Release|x64.Build.0 = Release|Any CPU
		{0415D96C-E6BD-437B-BC32-1D2143560C94}.Release|x86.ActiveCfg = Release|Any CPU
		{0415D96C-E6BD-437B-BC32-1D2143560C94}.Release|x86.Build.0 = Release|Any CPU
	EndGlobalSection
	GlobalSection(SolutionProperties) = preSolution
		HideSolutionNode = FALSE
	EndGlobalSection
	GlobalSection(ExtensibilityGlobals) = postSolution
		SolutionGuid = {B0180320-D5E0-41FD-849C-0D8E6CDB8D90}
	EndGlobalSection
EndGlobal
